
Microsoft Visual Studio Solution File, Format Version 12.00
# Visual Studio Version 16
VisualStudioVersion = 16.0.31112.23
MinimumVisualStudioVersion = 10.0.40219.1
Project("{9A19103F-16F7-4668-BE54-9A1E7A4F7556}") = "BFF", "src\BFF\BFF.csproj", "{453A8A54-CEB7-4F99-8FEE-E17FB425E1EB}"
EndProject
Project("{FAE04EC0-301F-11D3-BF4B-00C04F79EFBC}") = "Application", "src\Application\Application.csproj", "{BAD19D4B-324E-4528-9A10-9E0C0E92DFF7}"
EndProject
Project("{2150E333-8FDC-42A3-9474-1A3956D46DE8}") = "src", "src", "{31A9F9C3-545A-4275-8DAE-5F0805876C98}"
EndProject
Project("{FAE04EC0-301F-11D3-BF4B-00C04F79EFBC}") = "Domain", "src\Domain\Domain.csproj", "{6D8B1FEF-1658-4ADF-9E84-02B137AB64CC}"
EndProject
Project("{FAE04EC0-301F-11D3-BF4B-00C04F79EFBC}") = "Infrastructure", "src\Infrastructure\Infrastructure.csproj", "{F23BFC2D-A2AA-4FE7-8AA1-7A4D2D019D7C}"
EndProject
Global
	GlobalSection(SolutionConfigurationPlatforms) = preSolution
		Debug|Any CPU = Debug|Any CPU
		Release|Any CPU = Release|Any CPU
	EndGlobalSection
	GlobalSection(ProjectConfigurationPlatforms) = postSolution
		{453A8A54-CEB7-4F99-8FEE-E17FB425E1EB}.Debug|Any CPU.ActiveCfg = Debug|Any CPU
		{453A8A54-CEB7-4F99-8FEE-E17FB425E1EB}.Debug|Any CPU.Build.0 = Debug|Any CPU
		{453A8A54-CEB7-4F99-8FEE-E17FB425E1EB}.Release|Any CPU.ActiveCfg = Release|Any CPU
		{453A8A54-CEB7-4F99-8FEE-E17FB425E1EB}.Release|Any CPU.Build.0 = Release|Any CPU
		{BAD19D4B-324E-4528-9A10-9E0C0E92DFF7}.Debug|Any CPU.ActiveCfg = Debug|Any CPU
		{BAD19D4B-324E-4528-9A10-9E0C0E92DFF7}.Debug|Any CPU.Build.0 = Debug|Any CPU
		{BAD19D4B-324E-4528-9A10-9E0C0E92DFF7}.Release|Any CPU.ActiveCfg = Release|Any CPU
		{BAD19D4B-324E-4528-9A10-9E0C0E92DFF7}.Release|Any CPU.Build.0 = Release|Any CPU
		{6D8B1FEF-1658-4ADF-9E84-02B137AB64CC}.Debug|Any CPU.ActiveCfg = Debug|Any CPU
		{6D8B1FEF-1658-4ADF-9E84-02B137AB64CC}.Debug|Any CPU.Build.0 = Debug|Any CPU
		{6D8B1FEF-1658-4ADF-9E84-02B137AB64CC}.Release|Any CPU.ActiveCfg = Release|Any CPU
		{6D8B1FEF-1658-4ADF-9E84-02B137AB64CC}.Release|Any CPU.Build.0 = Release|Any CPU
		{F23BFC2D-A2AA-4FE7-8AA1-7A4D2D019D7C}.Debug|Any CPU.ActiveCfg = Debug|Any CPU
		{F23BFC2D-A2AA-4FE7-8AA1-7A4D2D019D7C}.Debug|Any CPU.Build.0 = Debug|Any CPU
		{F23BFC2D-A2AA-4FE7-8AA1-7A4D2D019D7C}.Release|Any CPU.ActiveCfg = Release|Any CPU
		{F23BFC2D-A2AA-4FE7-8AA1-7A4D2D019D7C}.Release|Any CPU.Build.0 = Release|Any CPU
	EndGlobalSection
	GlobalSection(SolutionProperties) = preSolution
		HideSolutionNode = FALSE
	EndGlobalSection
	GlobalSection(NestedProjects) = preSolution
		{453A8A54-CEB7-4F99-8FEE-E17FB425E1EB} = {31A9F9C3-545A-4275-8DAE-5F0805876C98}
		{BAD19D4B-324E-4528-9A10-9E0C0E92DFF7} = {31A9F9C3-545A-4275-8DAE-5F0805876C98}
		{6D8B1FEF-1658-4ADF-9E84-02B137AB64CC} = {31A9F9C3-545A-4275-8DAE-5F0805876C98}
		{F23BFC2D-A2AA-4FE7-8AA1-7A4D2D019D7C} = {31A9F9C3-545A-4275-8DAE-5F0805876C98}
	EndGlobalSection
	GlobalSection(ExtensibilityGlobals) = postSolution
		SolutionGuid = {6F3F20D0-39FE-4542-9B4D-CEABBFBC5903}
	EndGlobalSection
EndGlobal
